
Microsoft Visual Studio Solution File, Format Version 12.00
# Visual Studio Version 17
VisualStudioVersion = 17.11.35222.181
MinimumVisualStudioVersion = 10.0.40219.1
Project("{2150E333-8FDC-42A3-9474-1A3956D46DE8}") = "StoreManagement", "StoreManagement", "{37B5D7D8-6631-4D06-908A-EC4B245CE4F9}"
EndProject
Project("{9A19103F-16F7-4668-BE54-9A1E7A4F7556}") = "Web", "Imp\StoreManagement\Web\Web.csproj", "{60994EFB-17B9-4CC9-BA91-7EABF4EAE924}"
EndProject
Project("{9A19103F-16F7-4668-BE54-9A1E7A4F7556}") = "CommonUI", "Imp\StoreManagement\CommonUI\CommonUI.csproj", "{A9A62229-83BD-4597-AE84-4BB833CC18EC}"
EndProject
Project("{9A19103F-16F7-4668-BE54-9A1E7A4F7556}") = "Common", "Imp\StoreManagement\Common\Common.csproj", "{4094C6A3-89DA-4D63-B40B-8479F741E124}"
EndProject
Project("{9A19103F-16F7-4668-BE54-9A1E7A4F7556}") = "Business", "Imp\StoreManagement\Business\Business.csproj", "{83AF48CF-0034-42BB-99A7-0FEC1E74DF8D}"
EndProject
Project("{2150E333-8FDC-42A3-9474-1A3956D46DE8}") = "Pricing", "Pricing", "{295D30EE-9069-4410-AA25-B65C5DFAD5F5}"
EndProject
Project("{9A19103F-16F7-4668-BE54-9A1E7A4F7556}") = "Web", "Imp\Pricing\Web\Web.csproj", "{33AD76B4-79A3-4067-9418-F92A8BC12363}"
EndProject
Project("{9A19103F-16F7-4668-BE54-9A1E7A4F7556}") = "CommonUI", "Imp\Pricing\CommonUI\CommonUI.csproj", "{F51B589B-BA8D-428F-9E38-361F50E692B4}"
EndProject
Project("{9A19103F-16F7-4668-BE54-9A1E7A4F7556}") = "Common", "Imp\Pricing\Common\Common.csproj", "{6343880A-512A-468F-AA63-77DB3CC818EB}"
EndProject
Project("{9A19103F-16F7-4668-BE54-9A1E7A4F7556}") = "Business", "Imp\Pricing\Business\Business.csproj", "{63DCA319-FD57-4C6D-A53D-378FAAD5F20D}"
EndProject
Global
	GlobalSection(SolutionConfigurationPlatforms) = preSolution
		Debug|Any CPU = Debug|Any CPU
		Release|Any CPU = Release|Any CPU
	EndGlobalSection
	GlobalSection(ProjectConfigurationPlatforms) = postSolution
		{60994EFB-17B9-4CC9-BA91-7EABF4EAE924}.Debug|Any CPU.ActiveCfg = Debug|Any CPU
		{60994EFB-17B9-4CC9-BA91-7EABF4EAE924}.Debug|Any CPU.Build.0 = Debug|Any CPU
		{60994EFB-17B9-4CC9-BA91-7EABF4EAE924}.Release|Any CPU.ActiveCfg = Release|Any CPU
		{60994EFB-17B9-4CC9-BA91-7EABF4EAE924}.Release|Any CPU.Build.0 = Release|Any CPU
		{A9A62229-83BD-4597-AE84-4BB833CC18EC}.Debug|Any CPU.ActiveCfg = Debug|Any CPU
		{A9A62229-83BD-4597-AE84-4BB833CC18EC}.Debug|Any CPU.Build.0 = Debug|Any CPU
		{A9A62229-83BD-4597-AE84-4BB833CC18EC}.Release|Any CPU.ActiveCfg = Release|Any CPU
		{A9A62229-83BD-4597-AE84-4BB833CC18EC}.Release|Any CPU.Build.0 = Release|Any CPU
		{4094C6A3-89DA-4D63-B40B-8479F741E124}.Debug|Any CPU.ActiveCfg = Debug|Any CPU
		{4094C6A3-89DA-4D63-B40B-8479F741E124}.Debug|Any CPU.Build.0 = Debug|Any CPU
		{4094C6A3-89DA-4D63-B40B-8479F741E124}.Release|Any CPU.ActiveCfg = Release|Any CPU
		{4094C6A3-89DA-4D63-B40B-8479F741E124}.Release|Any CPU.Build.0 = Release|Any CPU
		{83AF48CF-0034-42BB-99A7-0FEC1E74DF8D}.Debug|Any CPU.ActiveCfg = Debug|Any CPU
		{83AF48CF-0034-42BB-99A7-0FEC1E74DF8D}.Debug|Any CPU.Build.0 = Debug|Any CPU
		{83AF48CF-0034-42BB-99A7-0FEC1E74DF8D}.Release|Any CPU.ActiveCfg = Release|Any CPU
		{83AF48CF-0034-42BB-99A7-0FEC1E74DF8D}.Release|Any CPU.Build.0 = Release|Any CPU
		{33AD76B4-79A3-4067-9418-F92A8BC12363}.Debug|Any CPU.ActiveCfg = Debug|Any CPU
		{33AD76B4-79A3-4067-9418-F92A8BC12363}.Debug|Any CPU.Build.0 = Debug|Any CPU
		{33AD76B4-79A3-4067-9418-F92A8BC12363}.Release|Any CPU.ActiveCfg = Release|Any CPU
		{33AD76B4-79A3-4067-9418-F92A8BC12363}.Release|Any CPU.Build.0 = Release|Any CPU
		{F51B589B-BA8D-428F-9E38-361F50E692B4}.Debug|Any CPU.ActiveCfg = Debug|Any CPU
		{F51B589B-BA8D-428F-9E38-361F50E692B4}.Debug|Any CPU.Build.0 = Debug|Any CPU
		{F51B589B-BA8D-428F-9E38-361F50E692B4}.Release|Any CPU.ActiveCfg = Release|Any CPU
		{F51B589B-BA8D-428F-9E38-361F50E692B4}.Release|Any CPU.Build.0 = Release|Any CPU
		{6343880A-512A-468F-AA63-77DB3CC818EB}.Debug|Any CPU.ActiveCfg = Debug|Any CPU
		{6343880A-512A-468F-AA63-77DB3CC818EB}.Debug|Any CPU.Build.0 = Debug|Any CPU
		{6343880A-512A-468F-AA63-77DB3CC818EB}.Release|Any CPU.ActiveCfg = Release|Any CPU
		{6343880A-512A-468F-AA63-77DB3CC818EB}.Release|Any CPU.Build.0 = Release|Any CPU
		{63DCA319-FD57-4C6D-A53D-378FAAD5F20D}.Debug|Any CPU.ActiveCfg = Debug|Any CPU
		{63DCA319-FD57-4C6D-A53D-378FAAD5F20D}.Debug|Any CPU.Build.0 = Debug|Any CPU
		{63DCA319-FD57-4C6D-A53D-378FAAD5F20D}.Release|Any CPU.ActiveCfg = Release|Any CPU
		{63DCA319-FD57-4C6D-A53D-378FAAD5F20D}.Release|Any CPU.Build.0 = Release|Any CPU
	EndGlobalSection
	GlobalSection(SolutionProperties) = preSolution
		HideSolutionNode = FALSE
	EndGlobalSection
	GlobalSection(NestedProjects) = preSolution
		{60994EFB-17B9-4CC9-BA91-7EABF4EAE924} = {37B5D7D8-6631-4D06-908A-EC4B245CE4F9}
		{A9A62229-83BD-4597-AE84-4BB833CC18EC} = {37B5D7D8-6631-4D06-908A-EC4B245CE4F9}
		{4094C6A3-89DA-4D63-B40B-8479F741E124} = {37B5D7D8-6631-4D06-908A-EC4B245CE4F9}
		{83AF48CF-0034-42BB-99A7-0FEC1E74DF8D} = {37B5D7D8-6631-4D06-908A-EC4B245CE4F9}
		{33AD76B4-79A3-4067-9418-F92A8BC12363} = {295D30EE-9069-4410-AA25-B65C5DFAD5F5}
		{F51B589B-BA8D-428F-9E38-361F50E692B4} = {295D30EE-9069-4410-AA25-B65C5DFAD5F5}
		{6343880A-512A-468F-AA63-77DB3CC818EB} = {295D30EE-9069-4410-AA25-B65C5DFAD5F5}
		{63DCA319-FD57-4C6D-A53D-378FAAD5F20D} = {295D30EE-9069-4410-AA25-B65C5DFAD5F5}
	EndGlobalSection
	GlobalSection(ExtensibilityGlobals) = postSolution
		SolutionGuid = {21F077C3-3538-4BA5-A1C6-4473F981D071}
	EndGlobalSection
EndGlobal
